
Microsoft Visual Studio Solution File, Format Version 12.00
# Visual Studio Version 17
VisualStudioVersion = 17.9.34616.47
MinimumVisualStudioVersion = 10.0.40219.1
Project("{FAE04EC0-301F-11D3-BF4B-00C04F79EFBC}") = "PbkService", "PbkService\PbkService.csproj", "{3DAF8269-EA58-41E6-B26B-0093B30372EE}"
EndProject
Global
	GlobalSection(SolutionConfigurationPlatforms) = preSolution
		Debug|Any CPU = Debug|Any CPU
		Release|Any CPU = Release|Any CPU
	EndGlobalSection
	GlobalSection(ProjectConfigurationPlatforms) = postSolution
		{3DAF8269-EA58-41E6-B26B-0093B30372EE}.Debug|Any CPU.ActiveCfg = Debug|Any CPU
		{3DAF8269-EA58-41E6-B26B-0093B30372EE}.Debug|Any CPU.Build.0 = Debug|Any CPU
		{3DAF8269-EA58-41E6-B26B-0093B30372EE}.Release|Any CPU.ActiveCfg = Release|Any CPU
		{3DAF8269-EA58-41E6-B26B-0093B30372EE}.Release|Any CPU.Build.0 = Release|Any CPU
	EndGlobalSection
	GlobalSection(SolutionProperties) = preSolution
		HideSolutionNode = FALSE
	EndGlobalSection
	GlobalSection(ExtensibilityGlobals) = postSolution
		SolutionGuid = {82959434-6691-478F-A9E0-A0FD22141B9F}
	EndGlobalSection
EndGlobal
